{
  "requires": true,
  "lockfileVersion": 1,
  "dependencies": {
    "@angular/platform-browser": {
      "version": "12.0.2",
      "resolved": "https://registry.npmjs.org/@angular/platform-browser/-/platform-browser-12.0.2.tgz",
      "integrity": "sha512-m1tPOpNZdnp8jrtFP3FrjpBV+S/rd5HLd4Q9MaC62LJYf8VvRx8wKdUO8tBDJYPbGiHGL4q4BUvKswrzfFWbXg==",
      "requires": {
        "tslib": "^2.1.0"
      }
    },
    "tslib": {
      "version": "2.2.0",
      "resolved": "https://registry.npmjs.org/tslib/-/tslib-2.2.0.tgz",
      "integrity": "sha512-gS9GVHRU+RGn5KQM2rllAlR3dU6m7AcpJKdtH8gFvQiC4Otgk98XnmMU+nZenHt/+VhnBPWwgrJsyrdcw6i23w=="
    }
  }
}
