{
  "requires": true,
  "lockfileVersion": 1,
  "dependencies": {
    "jsqr": {
      "version": "1.4.0",
      "resolved": "https://registry.npmjs.org/jsqr/-/jsqr-1.4.0.tgz",
      "integrity": "sha512-dxLob7q65Xg2DvstYkRpkYtmKm2sPJ9oFhrhmudT1dZvNFFTlroai3AWSpLey/w5vMcLBXRgOJsbXpdN9HzU/A=="
    },
    "qrcode-decoder": {
      "version": "0.1.3",
      "resolved": "https://registry.npmjs.org/qrcode-decoder/-/qrcode-decoder-0.1.3.tgz",
      "integrity": "sha512-1DcdBWMO9elb+WQ8YxIFKEGbNtwfkS59z560jRVP+CoxcfXcB/+qoGhlhVnT5nqe4ioxMaTp4aiQoCpdup3ysA==",
      "requires": {
        "jsqr": "^1.3.1"
      }
    }
  }
}
